
Microsoft Visual Studio Solution File, Format Version 12.00
# Visual Studio Version 17
VisualStudioVersion = 17.0.32014.148
MinimumVisualStudioVersion = 10.0.40219.1
Project("{888888A0-9F3D-457C-B088-3A5042F75D52}") = "Ciclo surriscaldato e rigenerato R134a", "Ciclo surriscaldato e rigenerato R134a.pyproj", "{50DE4FE1-3A52-4C8C-A700-757C812CEABC}"
EndProject
Global
	GlobalSection(SolutionConfigurationPlatforms) = preSolution
		Debug|Any CPU = Debug|Any CPU
		Release|Any CPU = Release|Any CPU
	EndGlobalSection
	GlobalSection(ProjectConfigurationPlatforms) = postSolution
		{50DE4FE1-3A52-4C8C-A700-757C812CEABC}.Debug|Any CPU.ActiveCfg = Debug|Any CPU
		{50DE4FE1-3A52-4C8C-A700-757C812CEABC}.Release|Any CPU.ActiveCfg = Release|Any CPU
	EndGlobalSection
	GlobalSection(SolutionProperties) = preSolution
		HideSolutionNode = FALSE
	EndGlobalSection
	GlobalSection(ExtensibilityGlobals) = postSolution
		SolutionGuid = {0728B9FB-D7DF-45E3-82AE-794394EDF0C7}
	EndGlobalSection
EndGlobal
