
Microsoft Visual Studio Solution File, Format Version 12.00
# Visual Studio Version 17
VisualStudioVersion = 17.0.32014.148
MinimumVisualStudioVersion = 10.0.40219.1
Project("{888888A0-9F3D-457C-B088-3A5042F75D52}") = "Ciclo surriscaldato e rigenerato R245fa", "Ciclo surriscaldato e rigenerato R245fa.pyproj", "{9857575A-D21E-496B-87BE-C75D0A3BFB26}"
EndProject
Global
	GlobalSection(SolutionConfigurationPlatforms) = preSolution
		Debug|Any CPU = Debug|Any CPU
		Release|Any CPU = Release|Any CPU
	EndGlobalSection
	GlobalSection(ProjectConfigurationPlatforms) = postSolution
		{9857575A-D21E-496B-87BE-C75D0A3BFB26}.Debug|Any CPU.ActiveCfg = Debug|Any CPU
		{9857575A-D21E-496B-87BE-C75D0A3BFB26}.Release|Any CPU.ActiveCfg = Release|Any CPU
	EndGlobalSection
	GlobalSection(SolutionProperties) = preSolution
		HideSolutionNode = FALSE
	EndGlobalSection
	GlobalSection(ExtensibilityGlobals) = postSolution
		SolutionGuid = {22685515-7489-44E0-8308-465FE97F213E}
	EndGlobalSection
EndGlobal
